// !$*UTF8*$!
{
	archiveVersion = 1;
	classes = {
	};
	objectVersion = 51;
	objects = {

/* Begin PBXBuildFile section */
		7308498522E5440B00958969 /* ScroreItemButton.swift in Sources */ = {isa = PBXBuildFile; fileRef = 7308498422E5440B00958969 /* ScroreItemButton.swift */; };
		7308498722E5467A00958969 /* MineUsualCollCell.swift in Sources */ = {isa = PBXBuildFile; fileRef = 7308498622E5467A00958969 /* MineUsualCollCell.swift */; };
		7308498922E5488300958969 /* MineCollectionView.swift in Sources */ = {isa = PBXBuildFile; fileRef = 7308498822E5488300958969 /* MineCollectionView.swift */; };
		7308498C22E5517B00958969 /* MemberInfoResponse.swift in Sources */ = {isa = PBXBuildFile; fileRef = 7308498B22E5517B00958969 /* MemberInfoResponse.swift */; };
		7308498F22E5593700958969 /* ServiceSingleNameCell.swift in Sources */ = {isa = PBXBuildFile; fileRef = 7308498E22E5593700958969 /* ServiceSingleNameCell.swift */; };
		7308499122E55DF600958969 /* ServiceCollectionHeader.swift in Sources */ = {isa = PBXBuildFile; fileRef = 7308499022E55DF600958969 /* ServiceCollectionHeader.swift */; };
		7308499422E5683500958969 /* ServiceListModel.swift in Sources */ = {isa = PBXBuildFile; fileRef = 7308499322E5683500958969 /* ServiceListModel.swift */; };
		7308499622E582C200958969 /* servicelist.json in Resources */ = {isa = PBXBuildFile; fileRef = 7308499522E582C200958969 /* servicelist.json */; };
		733742F122E7D6AD006F30C6 /* VVideoShootViewController.swift in Sources */ = {isa = PBXBuildFile; fileRef = 733742F022E7D6AD006F30C6 /* VVideoShootViewController.swift */; };
		733ED17522E40D6900B452D4 /* BaseTableViewController.swift in Sources */ = {isa = PBXBuildFile; fileRef = 733ED17422E40D6900B452D4 /* BaseTableViewController.swift */; };
		733ED17722E4111B00B452D4 /* HomeVVideoController.swift in Sources */ = {isa = PBXBuildFile; fileRef = 733ED17622E4111B00B452D4 /* HomeVVideoController.swift */; };
		733ED17A22E4153800B452D4 /* NoMoreDataView.swift in Sources */ = {isa = PBXBuildFile; fileRef = 733ED17922E4153800B452D4 /* NoMoreDataView.swift */; };
		733ED17D22E43CD200B452D4 /* BannerView.swift in Sources */ = {isa = PBXBuildFile; fileRef = 733ED17C22E43CD200B452D4 /* BannerView.swift */; };
		733ED18022E43D7400B452D4 /* HomeVVideoBannerCell.swift in Sources */ = {isa = PBXBuildFile; fileRef = 733ED17F22E43D7400B452D4 /* HomeVVideoBannerCell.swift */; };
		733ED18522E449FA00B452D4 /* HomeVVideoNormalCell.swift in Sources */ = {isa = PBXBuildFile; fileRef = 733ED18422E449FA00B452D4 /* HomeVVideoNormalCell.swift */; };
		733ED18822E4560800B452D4 /* VVideoListResponseModel.swift in Sources */ = {isa = PBXBuildFile; fileRef = 733ED18722E4560800B452D4 /* VVideoListResponseModel.swift */; };
		733ED18B22E45FC200B452D4 /* BaseAvatarImageView.swift in Sources */ = {isa = PBXBuildFile; fileRef = 733ED18A22E45FC200B452D4 /* BaseAvatarImageView.swift */; };
		733ED18D22E4611000B452D4 /* ShowImageTextCell.swift in Sources */ = {isa = PBXBuildFile; fileRef = 733ED18C22E4611000B452D4 /* ShowImageTextCell.swift */; };
		733ED18F22E462D000B452D4 /* BaseTimeCommentLikeView.swift in Sources */ = {isa = PBXBuildFile; fileRef = 733ED18E22E462D000B452D4 /* BaseTimeCommentLikeView.swift */; };
		733ED19122E4660F00B452D4 /* BaseWrapImagesView.swift in Sources */ = {isa = PBXBuildFile; fileRef = 733ED19022E4660F00B452D4 /* BaseWrapImagesView.swift */; };
		733ED19322E4706100B452D4 /* ShowVideoViewCell.swift in Sources */ = {isa = PBXBuildFile; fileRef = 733ED19222E4706100B452D4 /* ShowVideoViewCell.swift */; };
		733ED19622E4721E00B452D4 /* ShowListResponseModel.swift in Sources */ = {isa = PBXBuildFile; fileRef = 733ED19522E4721E00B452D4 /* ShowListResponseModel.swift */; };
		7377745F22E7E3A200513350 /* HomeVVideoBaseView.swift in Sources */ = {isa = PBXBuildFile; fileRef = 7377745E22E7E3A200513350 /* HomeVVideoBaseView.swift */; };
		7377746322E7EEC300513350 /* BaseShareBottomView.swift in Sources */ = {isa = PBXBuildFile; fileRef = 7377746222E7EEC300513350 /* BaseShareBottomView.swift */; };
		7377746522E7F25C00513350 /* UIButton+Extension.swift in Sources */ = {isa = PBXBuildFile; fileRef = 7377746422E7F25C00513350 /* UIButton+Extension.swift */; };
		7377746722E7F9AD00513350 /* ResendButtonBottom.swift in Sources */ = {isa = PBXBuildFile; fileRef = 7377746622E7F9AD00513350 /* ResendButtonBottom.swift */; };
		7377746922E8001900513350 /* DetailVideoInfoController.swift in Sources */ = {isa = PBXBuildFile; fileRef = 7377746822E8001900513350 /* DetailVideoInfoController.swift */; };
		7377746C22E8064200513350 /* DetailUserInfoAvatarCell.swift in Sources */ = {isa = PBXBuildFile; fileRef = 7377746B22E8064200513350 /* DetailUserInfoAvatarCell.swift */; };
		7377746E22E82A8500513350 /* DetailUserInfoNameCell.swift in Sources */ = {isa = PBXBuildFile; fileRef = 7377746D22E82A8500513350 /* DetailUserInfoNameCell.swift */; };
		7377747122E82C8500513350 /* DetailArticleResponse.swift in Sources */ = {isa = PBXBuildFile; fileRef = 7377747022E82C8500513350 /* DetailArticleResponse.swift */; };
		7377747322E82EF200513350 /* DetailVVideoInfoCell.swift in Sources */ = {isa = PBXBuildFile; fileRef = 7377747222E82EF200513350 /* DetailVVideoInfoCell.swift */; };
		7377747522E833E000513350 /* DetailCommentLikeNumCell.swift in Sources */ = {isa = PBXBuildFile; fileRef = 7377747422E833E000513350 /* DetailCommentLikeNumCell.swift */; };
		7377747722E8378A00513350 /* DetailUserCommentCell.swift in Sources */ = {isa = PBXBuildFile; fileRef = 7377747622E8378A00513350 /* DetailUserCommentCell.swift */; };
		7377747C22E847B200513350 /* ShowDetailImageViewController.swift in Sources */ = {isa = PBXBuildFile; fileRef = 7377747B22E847B200513350 /* ShowDetailImageViewController.swift */; };
		7377747F22E8484B00513350 /* ShowImagesCollectionCell.swift in Sources */ = {isa = PBXBuildFile; fileRef = 7377747E22E8484B00513350 /* ShowImagesCollectionCell.swift */; };
		7380EA4B22E301FB00628C48 /* AppDelegate.swift in Sources */ = {isa = PBXBuildFile; fileRef = 7380EA4A22E301FB00628C48 /* AppDelegate.swift */; };
		7380EA5022E301FB00628C48 /* Main.storyboard in Resources */ = {isa = PBXBuildFile; fileRef = 7380EA4E22E301FB00628C48 /* Main.storyboard */; };
		7380EA5222E301FB00628C48 /* Assets.xcassets in Resources */ = {isa = PBXBuildFile; fileRef = 7380EA5122E301FB00628C48 /* Assets.xcassets */; };
		7380EA5522E301FB00628C48 /* LaunchScreen.storyboard in Resources */ = {isa = PBXBuildFile; fileRef = 7380EA5322E301FB00628C48 /* LaunchScreen.storyboard */; };
		7380EA5D22E302C200628C48 /* Podfile in Resources */ = {isa = PBXBuildFile; fileRef = 7380EA5C22E302C200628C48 /* Podfile */; };
		738BD9E422E7E02600B7BF75 /* HomeVSendCollectionView.swift in Sources */ = {isa = PBXBuildFile; fileRef = 738BD9E322E7E02600B7BF75 /* HomeVSendCollectionView.swift */; };
		73A3329722EA94560060F281 /* iQiYiPlayButton.swift in Sources */ = {isa = PBXBuildFile; fileRef = 73A3329622EA94560060F281 /* iQiYiPlayButton.swift */; };
		73C419B822EA87C200D8D412 /* NEPlayerControlView.swift in Sources */ = {isa = PBXBuildFile; fileRef = 73C419B722EA87C200D8D412 /* NEPlayerControlView.swift */; };
		73D4E2D622E92C4A0088FF37 /* YPImagePickerUtil.swift in Sources */ = {isa = PBXBuildFile; fileRef = 73D4E2D522E92C4A0088FF37 /* YPImagePickerUtil.swift */; };
		73D4E2D922E938850088FF37 /* UploadFileResponse.swift in Sources */ = {isa = PBXBuildFile; fileRef = 73D4E2D822E938850088FF37 /* UploadFileResponse.swift */; };
		73D4E2DC22E94BB00088FF37 /* FWPopupViewUtil.swift in Sources */ = {isa = PBXBuildFile; fileRef = 73D4E2DB22E94BB00088FF37 /* FWPopupViewUtil.swift */; };
		73D4E2DE22E97A0D0088FF37 /* MutiImagesResponse.swift in Sources */ = {isa = PBXBuildFile; fileRef = 73D4E2DD22E97A0D0088FF37 /* MutiImagesResponse.swift */; };
		73D4E2E122E998000088FF37 /* NetworkPlayer.swift in Sources */ = {isa = PBXBuildFile; fileRef = 73D4E2E022E998000088FF37 /* NetworkPlayer.swift */; };
		73DEBAA022E30BDC007EC4E1 /* JsonKeyDefine.swift in Sources */ = {isa = PBXBuildFile; fileRef = 73DEBA9F22E30BDC007EC4E1 /* JsonKeyDefine.swift */; };
		73DEBAA222E30CA8007EC4E1 /* ColorsDefine.swift in Sources */ = {isa = PBXBuildFile; fileRef = 73DEBAA122E30CA8007EC4E1 /* ColorsDefine.swift */; };
		73DEBAA422E30DBA007EC4E1 /* BaseUrlDefine.swift in Sources */ = {isa = PBXBuildFile; fileRef = 73DEBAA322E30DBA007EC4E1 /* BaseUrlDefine.swift */; };
		73DEBAA622E30E00007EC4E1 /* UIDefine.swift in Sources */ = {isa = PBXBuildFile; fileRef = 73DEBAA522E30E00007EC4E1 /* UIDefine.swift */; };
		73DEBAA922E30E7F007EC4E1 /* UIViewController+Extesion.swift in Sources */ = {isa = PBXBuildFile; fileRef = 73DEBAA822E30E7F007EC4E1 /* UIViewController+Extesion.swift */; };
		73DEBAAB22E31095007EC4E1 /* String+Extension.swift in Sources */ = {isa = PBXBuildFile; fileRef = 73DEBAAA22E31095007EC4E1 /* String+Extension.swift */; };
		73DEBAAD22E3119D007EC4E1 /* UIView+Extension.swift in Sources */ = {isa = PBXBuildFile; fileRef = 73DEBAAC22E3119D007EC4E1 /* UIView+Extension.swift */; };
		73DEBAB222E31231007EC4E1 /* SXAPI.swift in Sources */ = {isa = PBXBuildFile; fileRef = 73DEBAB122E31231007EC4E1 /* SXAPI.swift */; };
		73DEBAB422E3127F007EC4E1 /* API.swift in Sources */ = {isa = PBXBuildFile; fileRef = 73DEBAB322E3127F007EC4E1 /* API.swift */; };
		73DEBAB622E315DC007EC4E1 /* MoyaConfig.swift in Sources */ = {isa = PBXBuildFile; fileRef = 73DEBAB522E315DC007EC4E1 /* MoyaConfig.swift */; };
		73DEBAB922E3195E007EC4E1 /* THUD.swift in Sources */ = {isa = PBXBuildFile; fileRef = 73DEBAB822E3195E007EC4E1 /* THUD.swift */; };
		73DEBABB22E31A2F007EC4E1 /* TStrInt.swift in Sources */ = {isa = PBXBuildFile; fileRef = 73DEBABA22E31A2F007EC4E1 /* TStrInt.swift */; };
		73DEBABD22E31A44007EC4E1 /* TSaveFiles.swift in Sources */ = {isa = PBXBuildFile; fileRef = 73DEBABC22E31A44007EC4E1 /* TSaveFiles.swift */; };
		73DEBABF22E31A65007EC4E1 /* HttpRequest.swift in Sources */ = {isa = PBXBuildFile; fileRef = 73DEBABE22E31A65007EC4E1 /* HttpRequest.swift */; };
		73DEBAC822E3224E007EC4E1 /* BaseTabBarController.swift in Sources */ = {isa = PBXBuildFile; fileRef = 73DEBAC222E3224E007EC4E1 /* BaseTabBarController.swift */; };
		73DEBAC922E3224E007EC4E1 /* BATabBarButton.swift in Sources */ = {isa = PBXBuildFile; fileRef = 73DEBAC422E3224E007EC4E1 /* BATabBarButton.swift */; };
		73DEBACA22E3224E007EC4E1 /* BATabBar.swift in Sources */ = {isa = PBXBuildFile; fileRef = 73DEBAC522E3224E007EC4E1 /* BATabBar.swift */; };
		73DEBACB22E3224E007EC4E1 /* BANavigationController.swift in Sources */ = {isa = PBXBuildFile; fileRef = 73DEBAC722E3224E007EC4E1 /* BANavigationController.swift */; };
		73DEBACE22E3228E007EC4E1 /* BaseViewController.swift in Sources */ = {isa = PBXBuildFile; fileRef = 73DEBACD22E3228E007EC4E1 /* BaseViewController.swift */; };
		73DEBAD122E322CD007EC4E1 /* BaseTableViewCell.swift in Sources */ = {isa = PBXBuildFile; fileRef = 73DEBAD022E322CD007EC4E1 /* BaseTableViewCell.swift */; };
		73DEBAD522E32495007EC4E1 /* SXLoginViewController.swift in Sources */ = {isa = PBXBuildFile; fileRef = 73DEBAD422E32495007EC4E1 /* SXLoginViewController.swift */; };
		73DEBADF22E3250E007EC4E1 /* HomeViewController.swift in Sources */ = {isa = PBXBuildFile; fileRef = 73DEBADE22E3250E007EC4E1 /* HomeViewController.swift */; };
		73DEBAE122E32517007EC4E1 /* ShowViewController.swift in Sources */ = {isa = PBXBuildFile; fileRef = 73DEBAE022E32517007EC4E1 /* ShowViewController.swift */; };
		73DEBAE322E32522007EC4E1 /* ServiceViewController.swift in Sources */ = {isa = PBXBuildFile; fileRef = 73DEBAE222E32522007EC4E1 /* ServiceViewController.swift */; };
		73DEBAE522E3252B007EC4E1 /* MineViewController.swift in Sources */ = {isa = PBXBuildFile; fileRef = 73DEBAE422E3252B007EC4E1 /* MineViewController.swift */; };
		73DEBAE822E329D6007EC4E1 /* StaticMethod.swift in Sources */ = {isa = PBXBuildFile; fileRef = 73DEBAE722E329D6007EC4E1 /* StaticMethod.swift */; };
		73DEBAEA22E32AB3007EC4E1 /* AppDelegate+Other.swift in Sources */ = {isa = PBXBuildFile; fileRef = 73DEBAE922E32AB3007EC4E1 /* AppDelegate+Other.swift */; };
		73DEBAEC22E32B90007EC4E1 /* SXLoginTextField.swift in Sources */ = {isa = PBXBuildFile; fileRef = 73DEBAEB22E32B90007EC4E1 /* SXLoginTextField.swift */; };
		73DEBAEE22E33109007EC4E1 /* BaseLoginViewController.swift in Sources */ = {isa = PBXBuildFile; fileRef = 73DEBAED22E33109007EC4E1 /* BaseLoginViewController.swift */; };
		73DEBAF022E3376D007EC4E1 /* SXLoginBaseButton.swift in Sources */ = {isa = PBXBuildFile; fileRef = 73DEBAEF22E3376D007EC4E1 /* SXLoginBaseButton.swift */; };
		73DEBAF222E33A8B007EC4E1 /* SXForgetBaseButton.swift in Sources */ = {isa = PBXBuildFile; fileRef = 73DEBAF122E33A8B007EC4E1 /* SXForgetBaseButton.swift */; };
		73DEBAF622E33EE8007EC4E1 /* SXSignUpViewController.swift in Sources */ = {isa = PBXBuildFile; fileRef = 73DEBAF522E33EE8007EC4E1 /* SXSignUpViewController.swift */; };
		73DEBAFC22E340AF007EC4E1 /* CounterButton.swift in Sources */ = {isa = PBXBuildFile; fileRef = 73DEBAFB22E340AF007EC4E1 /* CounterButton.swift */; };
		73DEBAFF22E34B09007EC4E1 /* CommonLicense.swift in Sources */ = {isa = PBXBuildFile; fileRef = 73DEBAFE22E34B09007EC4E1 /* CommonLicense.swift */; };
		73DEBB0222E3531A007EC4E1 /* SXForgetPasswordController.swift in Sources */ = {isa = PBXBuildFile; fileRef = 73DEBB0122E3531A007EC4E1 /* SXForgetPasswordController.swift */; };
		73DEBB0522E35535007EC4E1 /* LoginModel.swift in Sources */ = {isa = PBXBuildFile; fileRef = 73DEBB0422E35535007EC4E1 /* LoginModel.swift */; };
		73DEBB0722E35738007EC4E1 /* HttpClient.swift in Sources */ = {isa = PBXBuildFile; fileRef = 73DEBB0622E35738007EC4E1 /* HttpClient.swift */; };
		73DEBB0922E359A6007EC4E1 /* UserLoginInfo.swift in Sources */ = {isa = PBXBuildFile; fileRef = 73DEBB0822E359A6007EC4E1 /* UserLoginInfo.swift */; };
		73DEBB0C22E35E52007EC4E1 /* BaseNaviRightButton.swift in Sources */ = {isa = PBXBuildFile; fileRef = 73DEBB0B22E35E52007EC4E1 /* BaseNaviRightButton.swift */; };
		C584C89EB985E2C38BE1B4E5 /* Pods_TKSuiXiNews.framework in Frameworks */ = {isa = PBXBuildFile; fileRef = 7A2CB2D5E3372723C1906F23 /* Pods_TKSuiXiNews.framework */; };
/* End PBXBuildFile section */

/* Begin PBXFileReference section */
		0BF23A43A937A01D5D675F19 /* Pods-TKSuiXiNews.release.xcconfig */ = {isa = PBXFileReference; includeInIndex = 1; lastKnownFileType = text.xcconfig; name = "Pods-TKSuiXiNews.release.xcconfig"; path = "Target Support Files/Pods-TKSuiXiNews/Pods-TKSuiXiNews.release.xcconfig"; sourceTree = "<group>"; };
		7308498422E5440B00958969 /* ScroreItemButton.swift */ = {isa = PBXFileReference; lastKnownFileType = sourcecode.swift; path = ScroreItemButton.swift; sourceTree = "<group>"; };
		7308498622E5467A00958969 /* MineUsualCollCell.swift */ = {isa = PBXFileReference; lastKnownFileType = sourcecode.swift; path = MineUsualCollCell.swift; sourceTree = "<group>"; };
		7308498822E5488300958969 /* MineCollectionView.swift */ = {isa = PBXFileReference; lastKnownFileType = sourcecode.swift; path = MineCollectionView.swift; sourceTree = "<group>"; };
		7308498B22E5517B00958969 /* MemberInfoResponse.swift */ = {isa = PBXFileReference; lastKnownFileType = sourcecode.swift; path = MemberInfoResponse.swift; sourceTree = "<group>"; };
		7308498E22E5593700958969 /* ServiceSingleNameCell.swift */ = {isa = PBXFileReference; lastKnownFileType = sourcecode.swift; path = ServiceSingleNameCell.swift; sourceTree = "<group>"; };
		7308499022E55DF600958969 /* ServiceCollectionHeader.swift */ = {isa = PBXFileReference; lastKnownFileType = sourcecode.swift; path = ServiceCollectionHeader.swift; sourceTree = "<group>"; };
		7308499322E5683500958969 /* ServiceListModel.swift */ = {isa = PBXFileReference; lastKnownFileType = sourcecode.swift; path = ServiceListModel.swift; sourceTree = "<group>"; };
		7308499522E582C200958969 /* servicelist.json */ = {isa = PBXFileReference; fileEncoding = 4; lastKnownFileType = text.json; path = servicelist.json; sourceTree = "<group>"; };
		733742F022E7D6AD006F30C6 /* VVideoShootViewController.swift */ = {isa = PBXFileReference; lastKnownFileType = sourcecode.swift; path = VVideoShootViewController.swift; sourceTree = "<group>"; };
		733ED17422E40D6900B452D4 /* BaseTableViewController.swift */ = {isa = PBXFileReference; lastKnownFileType = sourcecode.swift; path = BaseTableViewController.swift; sourceTree = "<group>"; };
		733ED17622E4111B00B452D4 /* HomeVVideoController.swift */ = {isa = PBXFileReference; lastKnownFileType = sourcecode.swift; path = HomeVVideoController.swift; sourceTree = "<group>"; };
		733ED17922E4153800B452D4 /* NoMoreDataView.swift */ = {isa = PBXFileReference; lastKnownFileType = sourcecode.swift; path = NoMoreDataView.swift; sourceTree = "<group>"; };
		733ED17C22E43CD200B452D4 /* BannerView.swift */ = {isa = PBXFileReference; lastKnownFileType = sourcecode.swift; path = BannerView.swift; sourceTree = "<group>"; };
		733ED17F22E43D7400B452D4 /* HomeVVideoBannerCell.swift */ = {isa = PBXFileReference; lastKnownFileType = sourcecode.swift; path = HomeVVideoBannerCell.swift; sourceTree = "<group>"; };
		733ED18422E449FA00B452D4 /* HomeVVideoNormalCell.swift */ = {isa = PBXFileReference; lastKnownFileType = sourcecode.swift; path = HomeVVideoNormalCell.swift; sourceTree = "<group>"; };
		733ED18722E4560800B452D4 /* VVideoListResponseModel.swift */ = {isa = PBXFileReference; lastKnownFileType = sourcecode.swift; path = VVideoListResponseModel.swift; sourceTree = "<group>"; };
		733ED18A22E45FC200B452D4 /* BaseAvatarImageView.swift */ = {isa = PBXFileReference; lastKnownFileType = sourcecode.swift; path = BaseAvatarImageView.swift; sourceTree = "<group>"; };
		733ED18C22E4611000B452D4 /* ShowImageTextCell.swift */ = {isa = PBXFileReference; lastKnownFileType = sourcecode.swift; path = ShowImageTextCell.swift; sourceTree = "<group>"; };
		733ED18E22E462D000B452D4 /* BaseTimeCommentLikeView.swift */ = {isa = PBXFileReference; lastKnownFileType = sourcecode.swift; path = BaseTimeCommentLikeView.swift; sourceTree = "<group>"; };
		733ED19022E4660F00B452D4 /* BaseWrapImagesView.swift */ = {isa = PBXFileReference; lastKnownFileType = sourcecode.swift; path = BaseWrapImagesView.swift; sourceTree = "<group>"; };
		733ED19222E4706100B452D4 /* ShowVideoViewCell.swift */ = {isa = PBXFileReference; lastKnownFileType = sourcecode.swift; path = ShowVideoViewCell.swift; sourceTree = "<group>"; };
		733ED19522E4721E00B452D4 /* ShowListResponseModel.swift */ = {isa = PBXFileReference; lastKnownFileType = sourcecode.swift; path = ShowListResponseModel.swift; sourceTree = "<group>"; };
		734A72B922E596EC002A6D9C /* TKSuiXiNews-Bridging-Header.h */ = {isa = PBXFileReference; lastKnownFileType = sourcecode.c.h; path = "TKSuiXiNews-Bridging-Header.h"; sourceTree = "<group>"; };
		7377745E22E7E3A200513350 /* HomeVVideoBaseView.swift */ = {isa = PBXFileReference; lastKnownFileType = sourcecode.swift; path = HomeVVideoBaseView.swift; sourceTree = "<group>"; };
		7377746222E7EEC300513350 /* BaseShareBottomView.swift */ = {isa = PBXFileReference; lastKnownFileType = sourcecode.swift; path = BaseShareBottomView.swift; sourceTree = "<group>"; };
		7377746422E7F25C00513350 /* UIButton+Extension.swift */ = {isa = PBXFileReference; lastKnownFileType = sourcecode.swift; path = "UIButton+Extension.swift"; sourceTree = "<group>"; };
		7377746622E7F9AD00513350 /* ResendButtonBottom.swift */ = {isa = PBXFileReference; lastKnownFileType = sourcecode.swift; path = ResendButtonBottom.swift; sourceTree = "<group>"; };
		7377746822E8001900513350 /* DetailVideoInfoController.swift */ = {isa = PBXFileReference; lastKnownFileType = sourcecode.swift; path = DetailVideoInfoController.swift; sourceTree = "<group>"; };
		7377746B22E8064200513350 /* DetailUserInfoAvatarCell.swift */ = {isa = PBXFileReference; lastKnownFileType = sourcecode.swift; path = DetailUserInfoAvatarCell.swift; sourceTree = "<group>"; };
		7377746D22E82A8500513350 /* DetailUserInfoNameCell.swift */ = {isa = PBXFileReference; lastKnownFileType = sourcecode.swift; path = DetailUserInfoNameCell.swift; sourceTree = "<group>"; };
		7377747022E82C8500513350 /* DetailArticleResponse.swift */ = {isa = PBXFileReference; lastKnownFileType = sourcecode.swift; path = DetailArticleResponse.swift; sourceTree = "<group>"; };
		7377747222E82EF200513350 /* DetailVVideoInfoCell.swift */ = {isa = PBXFileReference; lastKnownFileType = sourcecode.swift; path = DetailVVideoInfoCell.swift; sourceTree = "<group>"; };
		7377747422E833E000513350 /* DetailCommentLikeNumCell.swift */ = {isa = PBXFileReference; lastKnownFileType = sourcecode.swift; path = DetailCommentLikeNumCell.swift; sourceTree = "<group>"; };
		7377747622E8378A00513350 /* DetailUserCommentCell.swift */ = {isa = PBXFileReference; lastKnownFileType = sourcecode.swift; path = DetailUserCommentCell.swift; sourceTree = "<group>"; };
		7377747B22E847B200513350 /* ShowDetailImageViewController.swift */ = {isa = PBXFileReference; lastKnownFileType = sourcecode.swift; path = ShowDetailImageViewController.swift; sourceTree = "<group>"; };
		7377747E22E8484B00513350 /* ShowImagesCollectionCell.swift */ = {isa = PBXFileReference; lastKnownFileType = sourcecode.swift; path = ShowImagesCollectionCell.swift; sourceTree = "<group>"; };
		7380EA4722E301FB00628C48 /* TKSuiXiNews.app */ = {isa = PBXFileReference; explicitFileType = wrapper.application; includeInIndex = 0; path = TKSuiXiNews.app; sourceTree = BUILT_PRODUCTS_DIR; };
		7380EA4A22E301FB00628C48 /* AppDelegate.swift */ = {isa = PBXFileReference; lastKnownFileType = sourcecode.swift; path = AppDelegate.swift; sourceTree = "<group>"; };
		7380EA4F22E301FB00628C48 /* Base */ = {isa = PBXFileReference; lastKnownFileType = file.storyboard; name = Base; path = Base.lproj/Main.storyboard; sourceTree = "<group>"; };
		7380EA5122E301FB00628C48 /* Assets.xcassets */ = {isa = PBXFileReference; lastKnownFileType = folder.assetcatalog; path = Assets.xcassets; sourceTree = "<group>"; };
		7380EA5422E301FB00628C48 /* Base */ = {isa = PBXFileReference; lastKnownFileType = file.storyboard; name = Base; path = Base.lproj/LaunchScreen.storyboard; sourceTree = "<group>"; };
		7380EA5622E301FB00628C48 /* Info.plist */ = {isa = PBXFileReference; lastKnownFileType = text.plist.xml; path = Info.plist; sourceTree = "<group>"; };
		7380EA5C22E302C200628C48 /* Podfile */ = {isa = PBXFileReference; lastKnownFileType = text; path = Podfile; sourceTree = "<group>"; xcLanguageSpecificationIdentifier = xcode.lang.ruby; };
		738BD9E322E7E02600B7BF75 /* HomeVSendCollectionView.swift */ = {isa = PBXFileReference; lastKnownFileType = sourcecode.swift; path = HomeVSendCollectionView.swift; sourceTree = "<group>"; };
		73A3329622EA94560060F281 /* iQiYiPlayButton.swift */ = {isa = PBXFileReference; lastKnownFileType = sourcecode.swift; path = iQiYiPlayButton.swift; sourceTree = "<group>"; };
		73C419B722EA87C200D8D412 /* NEPlayerControlView.swift */ = {isa = PBXFileReference; lastKnownFileType = sourcecode.swift; path = NEPlayerControlView.swift; sourceTree = "<group>"; };
		73D4E2D522E92C4A0088FF37 /* YPImagePickerUtil.swift */ = {isa = PBXFileReference; lastKnownFileType = sourcecode.swift; path = YPImagePickerUtil.swift; sourceTree = "<group>"; };
		73D4E2D822E938850088FF37 /* UploadFileResponse.swift */ = {isa = PBXFileReference; lastKnownFileType = sourcecode.swift; path = UploadFileResponse.swift; sourceTree = "<group>"; };
		73D4E2DB22E94BB00088FF37 /* FWPopupViewUtil.swift */ = {isa = PBXFileReference; lastKnownFileType = sourcecode.swift; path = FWPopupViewUtil.swift; sourceTree = "<group>"; };
		73D4E2DD22E97A0D0088FF37 /* MutiImagesResponse.swift */ = {isa = PBXFileReference; lastKnownFileType = sourcecode.swift; path = MutiImagesResponse.swift; sourceTree = "<group>"; };
		73D4E2E022E998000088FF37 /* NetworkPlayer.swift */ = {isa = PBXFileReference; lastKnownFileType = sourcecode.swift; path = NetworkPlayer.swift; sourceTree = "<group>"; };
		73DEBA9F22E30BDC007EC4E1 /* JsonKeyDefine.swift */ = {isa = PBXFileReference; lastKnownFileType = sourcecode.swift; path = JsonKeyDefine.swift; sourceTree = "<group>"; };
		73DEBAA122E30CA8007EC4E1 /* ColorsDefine.swift */ = {isa = PBXFileReference; lastKnownFileType = sourcecode.swift; path = ColorsDefine.swift; sourceTree = "<group>"; };
		73DEBAA322E30DBA007EC4E1 /* BaseUrlDefine.swift */ = {isa = PBXFileReference; lastKnownFileType = sourcecode.swift; path = BaseUrlDefine.swift; sourceTree = "<group>"; };
		73DEBAA522E30E00007EC4E1 /* UIDefine.swift */ = {isa = PBXFileReference; lastKnownFileType = sourcecode.swift; path = UIDefine.swift; sourceTree = "<group>"; };
		73DEBAA822E30E7F007EC4E1 /* UIViewController+Extesion.swift */ = {isa = PBXFileReference; lastKnownFileType = sourcecode.swift; path = "UIViewController+Extesion.swift"; sourceTree = "<group>"; };
		73DEBAAA22E31095007EC4E1 /* String+Extension.swift */ = {isa = PBXFileReference; lastKnownFileType = sourcecode.swift; path = "String+Extension.swift"; sourceTree = "<group>"; };
		73DEBAAC22E3119D007EC4E1 /* UIView+Extension.swift */ = {isa = PBXFileReference; lastKnownFileType = sourcecode.swift; path = "UIView+Extension.swift"; sourceTree = "<group>"; };
		73DEBAB122E31231007EC4E1 /* SXAPI.swift */ = {isa = PBXFileReference; lastKnownFileType = sourcecode.swift; path = SXAPI.swift; sourceTree = "<group>"; };
		73DEBAB322E3127F007EC4E1 /* API.swift */ = {isa = PBXFileReference; lastKnownFileType = sourcecode.swift; path = API.swift; sourceTree = "<group>"; };
		73DEBAB522E315DC007EC4E1 /* MoyaConfig.swift */ = {isa = PBXFileReference; lastKnownFileType = sourcecode.swift; path = MoyaConfig.swift; sourceTree = "<group>"; };
		73DEBAB822E3195E007EC4E1 /* THUD.swift */ = {isa = PBXFileReference; lastKnownFileType = sourcecode.swift; path = THUD.swift; sourceTree = "<group>"; };
		73DEBABA22E31A2F007EC4E1 /* TStrInt.swift */ = {isa = PBXFileReference; lastKnownFileType = sourcecode.swift; path = TStrInt.swift; sourceTree = "<group>"; };
		73DEBABC22E31A44007EC4E1 /* TSaveFiles.swift */ = {isa = PBXFileReference; lastKnownFileType = sourcecode.swift; path = TSaveFiles.swift; sourceTree = "<group>"; };
		73DEBABE22E31A65007EC4E1 /* HttpRequest.swift */ = {isa = PBXFileReference; lastKnownFileType = sourcecode.swift; path = HttpRequest.swift; sourceTree = "<group>"; };
		73DEBAC222E3224E007EC4E1 /* BaseTabBarController.swift */ = {isa = PBXFileReference; fileEncoding = 4; lastKnownFileType = sourcecode.swift; path = BaseTabBarController.swift; sourceTree = "<group>"; };
		73DEBAC422E3224E007EC4E1 /* BATabBarButton.swift */ = {isa = PBXFileReference; fileEncoding = 4; lastKnownFileType = sourcecode.swift; path = BATabBarButton.swift; sourceTree = "<group>"; };
		73DEBAC522E3224E007EC4E1 /* BATabBar.swift */ = {isa = PBXFileReference; fileEncoding = 4; lastKnownFileType = sourcecode.swift; path = BATabBar.swift; sourceTree = "<group>"; };
		73DEBAC722E3224E007EC4E1 /* BANavigationController.swift */ = {isa = PBXFileReference; fileEncoding = 4; lastKnownFileType = sourcecode.swift; path = BANavigationController.swift; sourceTree = "<group>"; };
		73DEBACD22E3228E007EC4E1 /* BaseViewController.swift */ = {isa = PBXFileReference; lastKnownFileType = sourcecode.swift; path = BaseViewController.swift; sourceTree = "<group>"; };
		73DEBAD022E322CD007EC4E1 /* BaseTableViewCell.swift */ = {isa = PBXFileReference; lastKnownFileType = sourcecode.swift; path = BaseTableViewCell.swift; sourceTree = "<group>"; };
		73DEBAD422E32495007EC4E1 /* SXLoginViewController.swift */ = {isa = PBXFileReference; lastKnownFileType = sourcecode.swift; path = SXLoginViewController.swift; sourceTree = "<group>"; };
		73DEBADE22E3250E007EC4E1 /* HomeViewController.swift */ = {isa = PBXFileReference; lastKnownFileType = sourcecode.swift; path = HomeViewController.swift; sourceTree = "<group>"; };
		73DEBAE022E32517007EC4E1 /* ShowViewController.swift */ = {isa = PBXFileReference; lastKnownFileType = sourcecode.swift; path = ShowViewController.swift; sourceTree = "<group>"; };
		73DEBAE222E32522007EC4E1 /* ServiceViewController.swift */ = {isa = PBXFileReference; lastKnownFileType = sourcecode.swift; path = ServiceViewController.swift; sourceTree = "<group>"; };
		73DEBAE422E3252B007EC4E1 /* MineViewController.swift */ = {isa = PBXFileReference; lastKnownFileType = sourcecode.swift; path = MineViewController.swift; sourceTree = "<group>"; };
		73DEBAE722E329D6007EC4E1 /* StaticMethod.swift */ = {isa = PBXFileReference; lastKnownFileType = sourcecode.swift; path = StaticMethod.swift; sourceTree = "<group>"; };
		73DEBAE922E32AB3007EC4E1 /* AppDelegate+Other.swift */ = {isa = PBXFileReference; lastKnownFileType = sourcecode.swift; path = "AppDelegate+Other.swift"; sourceTree = "<group>"; };
		73DEBAEB22E32B90007EC4E1 /* SXLoginTextField.swift */ = {isa = PBXFileReference; lastKnownFileType = sourcecode.swift; path = SXLoginTextField.swift; sourceTree = "<group>"; };
		73DEBAED22E33109007EC4E1 /* BaseLoginViewController.swift */ = {isa = PBXFileReference; lastKnownFileType = sourcecode.swift; path = BaseLoginViewController.swift; sourceTree = "<group>"; };
		73DEBAEF22E3376D007EC4E1 /* SXLoginBaseButton.swift */ = {isa = PBXFileReference; lastKnownFileType = sourcecode.swift; path = SXLoginBaseButton.swift; sourceTree = "<group>"; };
		73DEBAF122E33A8B007EC4E1 /* SXForgetBaseButton.swift */ = {isa = PBXFileReference; lastKnownFileType = sourcecode.swift; path = SXForgetBaseButton.swift; sourceTree = "<group>"; };
		73DEBAF522E33EE8007EC4E1 /* SXSignUpViewController.swift */ = {isa = PBXFileReference; lastKnownFileType = sourcecode.swift; path = SXSignUpViewController.swift; sourceTree = "<group>"; };
		73DEBAFB22E340AF007EC4E1 /* CounterButton.swift */ = {isa = PBXFileReference; lastKnownFileType = sourcecode.swift; path = CounterButton.swift; sourceTree = "<group>"; };
		73DEBAFE22E34B09007EC4E1 /* CommonLicense.swift */ = {isa = PBXFileReference; lastKnownFileType = sourcecode.swift; path = CommonLicense.swift; sourceTree = "<group>"; };
		73DEBB0122E3531A007EC4E1 /* SXForgetPasswordController.swift */ = {isa = PBXFileReference; lastKnownFileType = sourcecode.swift; path = SXForgetPasswordController.swift; sourceTree = "<group>"; };
		73DEBB0422E35535007EC4E1 /* LoginModel.swift */ = {isa = PBXFileReference; lastKnownFileType = sourcecode.swift; path = LoginModel.swift; sourceTree = "<group>"; };
		73DEBB0622E35738007EC4E1 /* HttpClient.swift */ = {isa = PBXFileReference; lastKnownFileType = sourcecode.swift; path = HttpClient.swift; sourceTree = "<group>"; };
		73DEBB0822E359A6007EC4E1 /* UserLoginInfo.swift */ = {isa = PBXFileReference; lastKnownFileType = sourcecode.swift; path = UserLoginInfo.swift; sourceTree = "<group>"; };
		73DEBB0B22E35E52007EC4E1 /* BaseNaviRightButton.swift */ = {isa = PBXFileReference; lastKnownFileType = sourcecode.swift; path = BaseNaviRightButton.swift; sourceTree = "<group>"; };
		7A2CB2D5E3372723C1906F23 /* Pods_TKSuiXiNews.framework */ = {isa = PBXFileReference; explicitFileType = wrapper.framework; includeInIndex = 0; path = Pods_TKSuiXiNews.framework; sourceTree = BUILT_PRODUCTS_DIR; };
		A47A8DE8545AE07619BEE145 /* Pods-TKSuiXiNews.debug.xcconfig */ = {isa = PBXFileReference; includeInIndex = 1; lastKnownFileType = text.xcconfig; name = "Pods-TKSuiXiNews.debug.xcconfig"; path = "Target Support Files/Pods-TKSuiXiNews/Pods-TKSuiXiNews.debug.xcconfig"; sourceTree = "<group>"; };
/* End PBXFileReference section */

/* Begin PBXFrameworksBuildPhase section */
		7380EA4422E301FB00628C48 /* Frameworks */ = {
			isa = PBXFrameworksBuildPhase;
			buildActionMask = 2147483647;
			files = (
				C584C89EB985E2C38BE1B4E5 /* Pods_TKSuiXiNews.framework in Frameworks */,
			);
			runOnlyForDeploymentPostprocessing = 0;
		};
/* End PBXFrameworksBuildPhase section */

/* Begin PBXGroup section */
		7308498322E5435F00958969 /* V */ = {
			isa = PBXGroup;
			children = (
				7308498422E5440B00958969 /* ScroreItemButton.swift */,
				7308498622E5467A00958969 /* MineUsualCollCell.swift */,
				7308498822E5488300958969 /* MineCollectionView.swift */,
			);
			path = V;
			sourceTree = "<group>";
		};
		7308498A22E5516300958969 /* M */ = {
			isa = PBXGroup;
			children = (
				7308498B22E5517B00958969 /* MemberInfoResponse.swift */,
			);
			path = M;
			sourceTree = "<group>";
		};
		7308498D22E5590D00958969 /* V */ = {
			isa = PBXGroup;
			children = (
				7308498E22E5593700958969 /* ServiceSingleNameCell.swift */,
				7308499022E55DF600958969 /* ServiceCollectionHeader.swift */,
			);
			path = V;
			sourceTree = "<group>";
		};
		7308499222E5681F00958969 /* M */ = {
			isa = PBXGroup;
			children = (
				7308499322E5683500958969 /* ServiceListModel.swift */,
			);
			path = M;
			sourceTree = "<group>";
		};
		7308499722E5884500958969 /* WeChatVideoRecord */ = {
			isa = PBXGroup;
			children = (
			);
			path = WeChatVideoRecord;
			sourceTree = "<group>";
		};
		733ED17322E40D4100B452D4 /* C */ = {
			isa = PBXGroup;
			children = (
				733ED17622E4111B00B452D4 /* HomeVVideoController.swift */,
				733742F022E7D6AD006F30C6 /* VVideoShootViewController.swift */,
			);
			path = C;
			sourceTree = "<group>";
		};
		733ED17822E4151900B452D4 /* BaseView */ = {
			isa = PBXGroup;
			children = (
				733ED17922E4153800B452D4 /* NoMoreDataView.swift */,
			);
			path = BaseView;
			sourceTree = "<group>";
		};
		733ED17B22E43C6300B452D4 /* Banner */ = {
			isa = PBXGroup;
			children = (
				733ED17C22E43CD200B452D4 /* BannerView.swift */,
			);
			path = Banner;
			sourceTree = "<group>";
		};
		733ED17E22E43D5E00B452D4 /* V */ = {
			isa = PBXGroup;
			children = (
				733ED17F22E43D7400B452D4 /* HomeVVideoBannerCell.swift */,
				733ED18422E449FA00B452D4 /* HomeVVideoNormalCell.swift */,
				738BD9E322E7E02600B7BF75 /* HomeVSendCollectionView.swift */,
				7377745E22E7E3A200513350 /* HomeVVideoBaseView.swift */,
			);
			path = V;
			sourceTree = "<group>";
		};
		733ED18622E455E900B452D4 /* M */ = {
			isa = PBXGroup;
			children = (
				733ED18722E4560800B452D4 /* VVideoListResponseModel.swift */,
			);
			path = M;
			sourceTree = "<group>";
		};
		733ED18922E45F2700B452D4 /* V */ = {
			isa = PBXGroup;
			children = (
				733ED18A22E45FC200B452D4 /* BaseAvatarImageView.swift */,
				733ED18E22E462D000B452D4 /* BaseTimeCommentLikeView.swift */,
				733ED19022E4660F00B452D4 /* BaseWrapImagesView.swift */,
				733ED18C22E4611000B452D4 /* ShowImageTextCell.swift */,
				733ED19222E4706100B452D4 /* ShowVideoViewCell.swift */,
			);
			path = V;
			sourceTree = "<group>";
		};
		733ED19422E471FB00B452D4 /* M */ = {
			isa = PBXGroup;
			children = (
				733ED19522E4721E00B452D4 /* ShowListResponseModel.swift */,
			);
			path = M;
			sourceTree = "<group>";
		};
		7377746022E7EE8B00513350 /* HomeDetail */ = {
			isa = PBXGroup;
			children = (
				7377746F22E82C7C00513350 /* M */,
				7377746A22E8006E00513350 /* C */,
				7377746122E7EEB300513350 /* V */,
			);
			path = HomeDetail;
			sourceTree = "<group>";
		};
		7377746122E7EEB300513350 /* V */ = {
			isa = PBXGroup;
			children = (
				7377746222E7EEC300513350 /* BaseShareBottomView.swift */,
				7377746622E7F9AD00513350 /* ResendButtonBottom.swift */,
				7377746B22E8064200513350 /* DetailUserInfoAvatarCell.swift */,
				7377746D22E82A8500513350 /* DetailUserInfoNameCell.swift */,
				7377747222E82EF200513350 /* DetailVVideoInfoCell.swift */,
				7377747422E833E000513350 /* DetailCommentLikeNumCell.swift */,
				7377747622E8378A00513350 /* DetailUserCommentCell.swift */,
			);
			path = V;
			sourceTree = "<group>";
		};
		7377746A22E8006E00513350 /* C */ = {
			isa = PBXGroup;
			children = (
				7377746822E8001900513350 /* DetailVideoInfoController.swift */,
			);
			path = C;
			sourceTree = "<group>";
		};
		7377746F22E82C7C00513350 /* M */ = {
			isa = PBXGroup;
			children = (
				7377747022E82C8500513350 /* DetailArticleResponse.swift */,
			);
			path = M;
			sourceTree = "<group>";
		};
		7377747822E845DF00513350 /* C */ = {
			isa = PBXGroup;
			children = (
				73DEBAE022E32517007EC4E1 /* ShowViewController.swift */,
			);
			path = C;
			sourceTree = "<group>";
		};
		7377747922E845E600513350 /* Detail */ = {
			isa = PBXGroup;
			children = (
				7377747D22E8483000513350 /* V */,
				7377747A22E845F000513350 /* C */,
			);
			path = Detail;
			sourceTree = "<group>";
		};
		7377747A22E845F000513350 /* C */ = {
			isa = PBXGroup;
			children = (
				7377747B22E847B200513350 /* ShowDetailImageViewController.swift */,
			);
			path = C;
			sourceTree = "<group>";
		};
		7377747D22E8483000513350 /* V */ = {
			isa = PBXGroup;
			children = (
				7377747E22E8484B00513350 /* ShowImagesCollectionCell.swift */,
			);
			path = V;
			sourceTree = "<group>";
		};
		7380EA3E22E301FB00628C48 = {
			isa = PBXGroup;
			children = (
				7380EA5C22E302C200628C48 /* Podfile */,
				7380EA4922E301FB00628C48 /* TKSuiXiNews */,
				7380EA4822E301FB00628C48 /* Products */,
				963EB4ECB6B950073F8B9151 /* Pods */,
				C58FBF554B31950BF7B6AA28 /* Frameworks */,
			);
			sourceTree = "<group>";
		};
		7380EA4822E301FB00628C48 /* Products */ = {
			isa = PBXGroup;
			children = (
				7380EA4722E301FB00628C48 /* TKSuiXiNews.app */,
			);
			name = Products;
			sourceTree = "<group>";
		};
		7380EA4922E301FB00628C48 /* TKSuiXiNews */ = {
			isa = PBXGroup;
			children = (
				73DEBAD222E32479007EC4E1 /* Pages */,
				73DEBAC022E32211007EC4E1 /* Base */,
				73DEBAAE22E311E3007EC4E1 /* Util */,
				73DEBAA722E30E6B007EC4E1 /* Extesion */,
				73DEBA9E22E30B68007EC4E1 /* Define */,
				7380EA5F22E309AE00628C48 /* Resource */,
				7380EA5E22E3096900628C48 /* AppDelegate */,
			);
			path = TKSuiXiNews;
			sourceTree = "<group>";
		};
		7380EA5E22E3096900628C48 /* AppDelegate */ = {
			isa = PBXGroup;
			children = (
				7380EA4A22E301FB00628C48 /* AppDelegate.swift */,
				73DEBAE922E32AB3007EC4E1 /* AppDelegate+Other.swift */,
			);
			path = AppDelegate;
			sourceTree = "<group>";
		};
		7380EA5F22E309AE00628C48 /* Resource */ = {
			isa = PBXGroup;
			children = (
				7380EA5622E301FB00628C48 /* Info.plist */,
				7380EA4E22E301FB00628C48 /* Main.storyboard */,
				7380EA5122E301FB00628C48 /* Assets.xcassets */,
				7380EA5322E301FB00628C48 /* LaunchScreen.storyboard */,
				734A72B922E596EC002A6D9C /* TKSuiXiNews-Bridging-Header.h */,
			);
			path = Resource;
			sourceTree = "<group>";
		};
		73C419B622EA859200D8D412 /* V */ = {
			isa = PBXGroup;
			children = (
				73C419B722EA87C200D8D412 /* NEPlayerControlView.swift */,
				73A3329622EA94560060F281 /* iQiYiPlayButton.swift */,
			);
			path = V;
			sourceTree = "<group>";
		};
		73D4E2D422E92C1A0088FF37 /* YPImagePickerUtil */ = {
			isa = PBXGroup;
			children = (
				73D4E2D722E938720088FF37 /* M */,
				73D4E2D522E92C4A0088FF37 /* YPImagePickerUtil.swift */,
			);
			path = YPImagePickerUtil;
			sourceTree = "<group>";
		};
		73D4E2D722E938720088FF37 /* M */ = {
			isa = PBXGroup;
			children = (
				73D4E2D822E938850088FF37 /* UploadFileResponse.swift */,
				73D4E2DD22E97A0D0088FF37 /* MutiImagesResponse.swift */,
			);
			path = M;
			sourceTree = "<group>";
		};
		73D4E2DA22E94B960088FF37 /* FWPopupViewUtil */ = {
			isa = PBXGroup;
			children = (
				73D4E2DB22E94BB00088FF37 /* FWPopupViewUtil.swift */,
			);
			path = FWPopupViewUtil;
			sourceTree = "<group>";
		};
		73D4E2DF22E997C20088FF37 /* NetworkPlayer */ = {
			isa = PBXGroup;
			children = (
				73C419B622EA859200D8D412 /* V */,
				73D4E2E022E998000088FF37 /* NetworkPlayer.swift */,
			);
			path = NetworkPlayer;
			sourceTree = "<group>";
		};
		73DEBA9E22E30B68007EC4E1 /* Define */ = {
			isa = PBXGroup;
			children = (
				73DEBA9F22E30BDC007EC4E1 /* JsonKeyDefine.swift */,
				73DEBAA122E30CA8007EC4E1 /* ColorsDefine.swift */,
				73DEBAA322E30DBA007EC4E1 /* BaseUrlDefine.swift */,
				73DEBAA522E30E00007EC4E1 /* UIDefine.swift */,
			);
			path = Define;
			sourceTree = "<group>";
		};
		73DEBAA722E30E6B007EC4E1 /* Extesion */ = {
			isa = PBXGroup;
			children = (
				73DEBAA822E30E7F007EC4E1 /* UIViewController+Extesion.swift */,
				73DEBAAA22E31095007EC4E1 /* String+Extension.swift */,
				73DEBAAC22E3119D007EC4E1 /* UIView+Extension.swift */,
				7377746422E7F25C00513350 /* UIButton+Extension.swift */,
			);
			path = Extesion;
			sourceTree = "<group>";
		};
		73DEBAAE22E311E3007EC4E1 /* Util */ = {
			isa = PBXGroup;
			children = (
				73D4E2DF22E997C20088FF37 /* NetworkPlayer */,
				73D4E2DA22E94B960088FF37 /* FWPopupViewUtil */,
				73D4E2D422E92C1A0088FF37 /* YPImagePickerUtil */,
				7308499722E5884500958969 /* WeChatVideoRecord */,
				733ED17B22E43C6300B452D4 /* Banner */,
				73DEBAFD22E34AEB007EC4E1 /* CommonLicense */,
				73DEBAFA22E34042007EC4E1 /* CounterButton */,
				73DEBAE622E329BC007EC4E1 /* StaticMethod */,
				73DEBAAF22E311F2007EC4E1 /* HTTPClient */,
			);
			path = Util;
			sourceTree = "<group>";
		};
		73DEBAAF22E311F2007EC4E1 /* HTTPClient */ = {
			isa = PBXGroup;
			children = (
				73DEBAB722E3193A007EC4E1 /* 组件 */,
				73DEBAB022E31218007EC4E1 /* MoyaAPI */,
				73DEBAB522E315DC007EC4E1 /* MoyaConfig.swift */,
				73DEBABE22E31A65007EC4E1 /* HttpRequest.swift */,
				73DEBB0622E35738007EC4E1 /* HttpClient.swift */,
			);
			path = HTTPClient;
			sourceTree = "<group>";
		};
		73DEBAB022E31218007EC4E1 /* MoyaAPI */ = {
			isa = PBXGroup;
			children = (
				73DEBAB122E31231007EC4E1 /* SXAPI.swift */,
				73DEBAB322E3127F007EC4E1 /* API.swift */,
			);
			path = MoyaAPI;
			sourceTree = "<group>";
		};
		73DEBAB722E3193A007EC4E1 /* 组件 */ = {
			isa = PBXGroup;
			children = (
				73DEBAB822E3195E007EC4E1 /* THUD.swift */,
				73DEBABA22E31A2F007EC4E1 /* TStrInt.swift */,
				73DEBABC22E31A44007EC4E1 /* TSaveFiles.swift */,
			);
			path = "组件";
			sourceTree = "<group>";
		};
		73DEBAC022E32211007EC4E1 /* Base */ = {
			isa = PBXGroup;
			children = (
				733ED17822E4151900B452D4 /* BaseView */,
				73DEBB0A22E35E2E007EC4E1 /* BaseRightItem */,
				73DEBACF22E3229D007EC4E1 /* BaseTableViewController */,
				73DEBACC22E32263007EC4E1 /* BaseViewController */,
				73DEBAC622E3224E007EC4E1 /* BANavigationController */,
				73DEBAC122E3224E007EC4E1 /* BATabBarViewController */,
			);
			path = Base;
			sourceTree = "<group>";
		};
		73DEBAC122E3224E007EC4E1 /* BATabBarViewController */ = {
			isa = PBXGroup;
			children = (
				73DEBAC222E3224E007EC4E1 /* BaseTabBarController.swift */,
				73DEBAC322E3224E007EC4E1 /* TabBarView */,
			);
			path = BATabBarViewController;
			sourceTree = "<group>";
		};
		73DEBAC322E3224E007EC4E1 /* TabBarView */ = {
			isa = PBXGroup;
			children = (
				73DEBAC422E3224E007EC4E1 /* BATabBarButton.swift */,
				73DEBAC522E3224E007EC4E1 /* BATabBar.swift */,
			);
			path = TabBarView;
			sourceTree = "<group>";
		};
		73DEBAC622E3224E007EC4E1 /* BANavigationController */ = {
			isa = PBXGroup;
			children = (
				73DEBAC722E3224E007EC4E1 /* BANavigationController.swift */,
			);
			path = BANavigationController;
			sourceTree = "<group>";
		};
		73DEBACC22E32263007EC4E1 /* BaseViewController */ = {
			isa = PBXGroup;
			children = (
				73DEBACD22E3228E007EC4E1 /* BaseViewController.swift */,
			);
			path = BaseViewController;
			sourceTree = "<group>";
		};
		73DEBACF22E3229D007EC4E1 /* BaseTableViewController */ = {
			isa = PBXGroup;
			children = (
				73DEBAD022E322CD007EC4E1 /* BaseTableViewCell.swift */,
				733ED17422E40D6900B452D4 /* BaseTableViewController.swift */,
			);
			path = BaseTableViewController;
			sourceTree = "<group>";
		};
		73DEBAD222E32479007EC4E1 /* Pages */ = {
			isa = PBXGroup;
			children = (
				73DEBADD22E32500007EC4E1 /* Mine */,
				73DEBADC22E324FB007EC4E1 /* Service */,
				73DEBADB22E324F3007EC4E1 /* Show */,
				73DEBADA22E324EC007EC4E1 /* Home */,
				73DEBAD322E32481007EC4E1 /* Login */,
			);
			path = Pages;
			sourceTree = "<group>";
		};
		73DEBAD322E32481007EC4E1 /* Login */ = {
			isa = PBXGroup;
			children = (
				73DEBB0322E3551E007EC4E1 /* M */,
				73DEBAD922E324E0007EC4E1 /* C */,
				73DEBAD822E324DB007EC4E1 /* V */,
				73DEBAD722E324D3007EC4E1 /* ForgetPass */,
				73DEBAD622E324CB007EC4E1 /* Sign */,
			);
			path = Login;
			sourceTree = "<group>";
		};
		73DEBAD622E324CB007EC4E1 /* Sign */ = {
			isa = PBXGroup;
			children = (
				73DEBAF922E33EF5007EC4E1 /* M */,
				73DEBAF822E33EF1007EC4E1 /* V */,
				73DEBAF722E33EEC007EC4E1 /* C */,
			);
			path = Sign;
			sourceTree = "<group>";
		};
		73DEBAD722E324D3007EC4E1 /* ForgetPass */ = {
			isa = PBXGroup;
			children = (
				73DEBB0022E352E5007EC4E1 /* C */,
			);
			path = ForgetPass;
			sourceTree = "<group>";
		};
		73DEBAD822E324DB007EC4E1 /* V */ = {
			isa = PBXGroup;
			children = (
				73DEBAEB22E32B90007EC4E1 /* SXLoginTextField.swift */,
				73DEBAEF22E3376D007EC4E1 /* SXLoginBaseButton.swift */,
				73DEBAF122E33A8B007EC4E1 /* SXForgetBaseButton.swift */,
			);
			path = V;
			sourceTree = "<group>";
		};
		73DEBAD922E324E0007EC4E1 /* C */ = {
			isa = PBXGroup;
			children = (
				73DEBAD422E32495007EC4E1 /* SXLoginViewController.swift */,
				73DEBAED22E33109007EC4E1 /* BaseLoginViewController.swift */,
			);
			path = C;
			sourceTree = "<group>";
		};
		73DEBADA22E324EC007EC4E1 /* Home */ = {
			isa = PBXGroup;
			children = (
				7377746022E7EE8B00513350 /* HomeDetail */,
				733ED17E22E43D5E00B452D4 /* V */,
				733ED18622E455E900B452D4 /* M */,
				733ED17322E40D4100B452D4 /* C */,
				73DEBADE22E3250E007EC4E1 /* HomeViewController.swift */,
			);
			path = Home;
			sourceTree = "<group>";
		};
		73DEBADB22E324F3007EC4E1 /* Show */ = {
			isa = PBXGroup;
			children = (
				7377747922E845E600513350 /* Detail */,
				7377747822E845DF00513350 /* C */,
				733ED19422E471FB00B452D4 /* M */,
				733ED18922E45F2700B452D4 /* V */,
			);
			path = Show;
			sourceTree = "<group>";
		};
		73DEBADC22E324FB007EC4E1 /* Service */ = {
			isa = PBXGroup;
			children = (
				7308499522E582C200958969 /* servicelist.json */,
				7308499222E5681F00958969 /* M */,
				7308498D22E5590D00958969 /* V */,
				73DEBAE222E32522007EC4E1 /* ServiceViewController.swift */,
			);
			path = Service;
			sourceTree = "<group>";
		};
		73DEBADD22E32500007EC4E1 /* Mine */ = {
			isa = PBXGroup;
			children = (
				7308498A22E5516300958969 /* M */,
				7308498322E5435F00958969 /* V */,
				73DEBAE422E3252B007EC4E1 /* MineViewController.swift */,
			);
			path = Mine;
			sourceTree = "<group>";
		};
		73DEBAE622E329BC007EC4E1 /* StaticMethod */ = {
			isa = PBXGroup;
			children = (
				73DEBAE722E329D6007EC4E1 /* StaticMethod.swift */,
			);
			path = StaticMethod;
			sourceTree = "<group>";
		};
		73DEBAF722E33EEC007EC4E1 /* C */ = {
			isa = PBXGroup;
			children = (
				73DEBAF522E33EE8007EC4E1 /* SXSignUpViewController.swift */,
			);
			path = C;
			sourceTree = "<group>";
		};
		73DEBAF822E33EF1007EC4E1 /* V */ = {
			isa = PBXGroup;
			children = (
			);
			path = V;
			sourceTree = "<group>";
		};
		73DEBAF922E33EF5007EC4E1 /* M */ = {
			isa = PBXGroup;
			children = (
			);
			path = M;
			sourceTree = "<group>";
		};
		73DEBAFA22E34042007EC4E1 /* CounterButton */ = {
			isa = PBXGroup;
			children = (
				73DEBAFB22E340AF007EC4E1 /* CounterButton.swift */,
			);
			path = CounterButton;
			sourceTree = "<group>";
		};
		73DEBAFD22E34AEB007EC4E1 /* CommonLicense */ = {
			isa = PBXGroup;
			children = (
				73DEBAFE22E34B09007EC4E1 /* CommonLicense.swift */,
			);
			name = CommonLicense;
			sourceTree = "<group>";
		};
		73DEBB0022E352E5007EC4E1 /* C */ = {
			isa = PBXGroup;
			children = (
				73DEBB0122E3531A007EC4E1 /* SXForgetPasswordController.swift */,
			);
			path = C;
			sourceTree = "<group>";
		};
		73DEBB0322E3551E007EC4E1 /* M */ = {
			isa = PBXGroup;
			children = (
				73DEBB0422E35535007EC4E1 /* LoginModel.swift */,
				73DEBB0822E359A6007EC4E1 /* UserLoginInfo.swift */,
			);
			path = M;
			sourceTree = "<group>";
		};
		73DEBB0A22E35E2E007EC4E1 /* BaseRightItem */ = {
			isa = PBXGroup;
			children = (
				73DEBB0B22E35E52007EC4E1 /* BaseNaviRightButton.swift */,
			);
			path = BaseRightItem;
			sourceTree = "<group>";
		};
		963EB4ECB6B950073F8B9151 /* Pods */ = {
			isa = PBXGroup;
			children = (
				A47A8DE8545AE07619BEE145 /* Pods-TKSuiXiNews.debug.xcconfig */,
				0BF23A43A937A01D5D675F19 /* Pods-TKSuiXiNews.release.xcconfig */,
			);
			path = Pods;
			sourceTree = "<group>";
		};
		C58FBF554B31950BF7B6AA28 /* Frameworks */ = {
			isa = PBXGroup;
			children = (
				7A2CB2D5E3372723C1906F23 /* Pods_TKSuiXiNews.framework */,
			);
			name = Frameworks;
			sourceTree = "<group>";
		};
/* End PBXGroup section */

/* Begin PBXNativeTarget section */
		7380EA4622E301FB00628C48 /* TKSuiXiNews */ = {
			isa = PBXNativeTarget;
			buildConfigurationList = 7380EA5922E301FB00628C48 /* Build configuration list for PBXNativeTarget "TKSuiXiNews" */;
			buildPhases = (
				A9819E6F715580823A71FC30 /* [CP] Check Pods Manifest.lock */,
				7380EA4322E301FB00628C48 /* Sources */,
				7380EA4422E301FB00628C48 /* Frameworks */,
				7380EA4522E301FB00628C48 /* Resources */,
				8F519845D6259CB23395EB73 /* [CP] Embed Pods Frameworks */,
			);
			buildRules = (
			);
			dependencies = (
			);
			name = TKSuiXiNews;
			productName = TKSuiXiNews;
			productReference = 7380EA4722E301FB00628C48 /* TKSuiXiNews.app */;
			productType = "com.apple.product-type.application";
		};
/* End PBXNativeTarget section */

/* Begin PBXProject section */
		7380EA3F22E301FB00628C48 /* Project object */ = {
			isa = PBXProject;
			attributes = {
				LastSwiftUpdateCheck = 1020;
				LastUpgradeCheck = 1020;
				ORGANIZATIONNAME = "Barry Allen";
				TargetAttributes = {
					7380EA4622E301FB00628C48 = {
						CreatedOnToolsVersion = 10.2.1;
						LastSwiftMigration = 1020;
					};
				};
			};
			buildConfigurationList = 7380EA4222E301FB00628C48 /* Build configuration list for PBXProject "TKSuiXiNews" */;
			compatibilityVersion = "Xcode 9.3";
			developmentRegion = en;
			hasScannedForEncodings = 0;
			knownRegions = (
				en,
				Base,
			);
			mainGroup = 7380EA3E22E301FB00628C48;
			productRefGroup = 7380EA4822E301FB00628C48 /* Products */;
			projectDirPath = "";
			projectRoot = "";
			targets = (
				7380EA4622E301FB00628C48 /* TKSuiXiNews */,
			);
		};
/* End PBXProject section */

/* Begin PBXResourcesBuildPhase section */
		7380EA4522E301FB00628C48 /* Resources */ = {
			isa = PBXResourcesBuildPhase;
			buildActionMask = 2147483647;
			files = (
				7380EA5522E301FB00628C48 /* LaunchScreen.storyboard in Resources */,
				7380EA5222E301FB00628C48 /* Assets.xcassets in Resources */,
				7380EA5D22E302C200628C48 /* Podfile in Resources */,
				7308499622E582C200958969 /* servicelist.json in Resources */,
				7380EA5022E301FB00628C48 /* Main.storyboard in Resources */,
			);
			runOnlyForDeploymentPostprocessing = 0;
		};
/* End PBXResourcesBuildPhase section */

/* Begin PBXShellScriptBuildPhase section */
		8F519845D6259CB23395EB73 /* [CP] Embed Pods Frameworks */ = {
			isa = PBXShellScriptBuildPhase;
			buildActionMask = 2147483647;
			files = (
			);
			inputFileListPaths = (
				"${PODS_ROOT}/Target Support Files/Pods-TKSuiXiNews/Pods-TKSuiXiNews-frameworks-${CONFIGURATION}-input-files.xcfilelist",
			);
			name = "[CP] Embed Pods Frameworks";
			outputFileListPaths = (
				"${PODS_ROOT}/Target Support Files/Pods-TKSuiXiNews/Pods-TKSuiXiNews-frameworks-${CONFIGURATION}-output-files.xcfilelist",
			);
			runOnlyForDeploymentPostprocessing = 0;
			shellPath = /bin/sh;
			shellScript = "\"${PODS_ROOT}/Target Support Files/Pods-TKSuiXiNews/Pods-TKSuiXiNews-frameworks.sh\"\n";
			showEnvVarsInLog = 0;
		};
		A9819E6F715580823A71FC30 /* [CP] Check Pods Manifest.lock */ = {
			isa = PBXShellScriptBuildPhase;
			buildActionMask = 2147483647;
			files = (
			);
			inputFileListPaths = (
			);
			inputPaths = (
				"${PODS_PODFILE_DIR_PATH}/Podfile.lock",
				"${PODS_ROOT}/Manifest.lock",
			);
			name = "[CP] Check Pods Manifest.lock";
			outputFileListPaths = (
			);
			outputPaths = (
				"$(DERIVED_FILE_DIR)/Pods-TKSuiXiNews-checkManifestLockResult.txt",
			);
			runOnlyForDeploymentPostprocessing = 0;
			shellPath = /bin/sh;
			shellScript = "diff \"${PODS_PODFILE_DIR_PATH}/Podfile.lock\" \"${PODS_ROOT}/Manifest.lock\" > /dev/null\nif [ $? != 0 ] ; then\n    # print error to STDERR\n    echo \"error: The sandbox is not in sync with the Podfile.lock. Run 'pod install' or update your CocoaPods installation.\" >&2\n    exit 1\nfi\n# This output is used by Xcode 'outputs' to avoid re-running this script phase.\necho \"SUCCESS\" > \"${SCRIPT_OUTPUT_FILE_0}\"\n";
			showEnvVarsInLog = 0;
		};
/* End PBXShellScriptBuildPhase section */

/* Begin PBXSourcesBuildPhase section */
		7380EA4322E301FB00628C48 /* Sources */ = {
			isa = PBXSourcesBuildPhase;
			buildActionMask = 2147483647;
			files = (
				7377745F22E7E3A200513350 /* HomeVVideoBaseView.swift in Sources */,
				733ED18522E449FA00B452D4 /* HomeVVideoNormalCell.swift in Sources */,
				73D4E2D922E938850088FF37 /* UploadFileResponse.swift in Sources */,
				7377747C22E847B200513350 /* ShowDetailImageViewController.swift in Sources */,
				7377747722E8378A00513350 /* DetailUserCommentCell.swift in Sources */,
				73D4E2E122E998000088FF37 /* NetworkPlayer.swift in Sources */,
				733742F122E7D6AD006F30C6 /* VVideoShootViewController.swift in Sources */,
				73DEBAC822E3224E007EC4E1 /* BaseTabBarController.swift in Sources */,
				73DEBAE522E3252B007EC4E1 /* MineViewController.swift in Sources */,
				7308498922E5488300958969 /* MineCollectionView.swift in Sources */,
				73DEBAA022E30BDC007EC4E1 /* JsonKeyDefine.swift in Sources */,
				73DEBAEA22E32AB3007EC4E1 /* AppDelegate+Other.swift in Sources */,
				73DEBABD22E31A44007EC4E1 /* TSaveFiles.swift in Sources */,
				73DEBAFF22E34B09007EC4E1 /* CommonLicense.swift in Sources */,
				733ED18F22E462D000B452D4 /* BaseTimeCommentLikeView.swift in Sources */,
				73DEBAE822E329D6007EC4E1 /* StaticMethod.swift in Sources */,
				73DEBAD522E32495007EC4E1 /* SXLoginViewController.swift in Sources */,
				7308499422E5683500958969 /* ServiceListModel.swift in Sources */,
				733ED17D22E43CD200B452D4 /* BannerView.swift in Sources */,
				73DEBAAB22E31095007EC4E1 /* String+Extension.swift in Sources */,
				73DEBAD122E322CD007EC4E1 /* BaseTableViewCell.swift in Sources */,
				733ED18B22E45FC200B452D4 /* BaseAvatarImageView.swift in Sources */,
				7377747122E82C8500513350 /* DetailArticleResponse.swift in Sources */,
				73DEBADF22E3250E007EC4E1 /* HomeViewController.swift in Sources */,
				733ED19122E4660F00B452D4 /* BaseWrapImagesView.swift in Sources */,
				7377746922E8001900513350 /* DetailVideoInfoController.swift in Sources */,
				73DEBAAD22E3119D007EC4E1 /* UIView+Extension.swift in Sources */,
				738BD9E422E7E02600B7BF75 /* HomeVSendCollectionView.swift in Sources */,
				733ED19322E4706100B452D4 /* ShowVideoViewCell.swift in Sources */,
				73A3329722EA94560060F281 /* iQiYiPlayButton.swift in Sources */,
				7308499122E55DF600958969 /* ServiceCollectionHeader.swift in Sources */,
				73DEBACE22E3228E007EC4E1 /* BaseViewController.swift in Sources */,
				7380EA4B22E301FB00628C48 /* AppDelegate.swift in Sources */,
				733ED17522E40D6900B452D4 /* BaseTableViewController.swift in Sources */,
				7377746722E7F9AD00513350 /* ResendButtonBottom.swift in Sources */,
				7308498C22E5517B00958969 /* MemberInfoResponse.swift in Sources */,
				7377746522E7F25C00513350 /* UIButton+Extension.swift in Sources */,
				73DEBAB422E3127F007EC4E1 /* API.swift in Sources */,
				733ED18822E4560800B452D4 /* VVideoListResponseModel.swift in Sources */,
				73DEBB0C22E35E52007EC4E1 /* BaseNaviRightButton.swift in Sources */,
				7377746C22E8064200513350 /* DetailUserInfoAvatarCell.swift in Sources */,
				73DEBAE122E32517007EC4E1 /* ShowViewController.swift in Sources */,
				73DEBB0222E3531A007EC4E1 /* SXForgetPasswordController.swift in Sources */,
				733ED18D22E4611000B452D4 /* ShowImageTextCell.swift in Sources */,
				73DEBAB222E31231007EC4E1 /* SXAPI.swift in Sources */,
				73DEBAA622E30E00007EC4E1 /* UIDefine.swift in Sources */,
				73DEBACB22E3224E007EC4E1 /* BANavigationController.swift in Sources */,
				73DEBAFC22E340AF007EC4E1 /* CounterButton.swift in Sources */,
				73DEBAF622E33EE8007EC4E1 /* SXSignUpViewController.swift in Sources */,
				7377747322E82EF200513350 /* DetailVVideoInfoCell.swift in Sources */,
				73DEBABB22E31A2F007EC4E1 /* TStrInt.swift in Sources */,
				73DEBACA22E3224E007EC4E1 /* BATabBar.swift in Sources */,
				733ED18022E43D7400B452D4 /* HomeVVideoBannerCell.swift in Sources */,
				73DEBAB622E315DC007EC4E1 /* MoyaConfig.swift in Sources */,
				73DEBAA922E30E7F007EC4E1 /* UIViewController+Extesion.swift in Sources */,
				73DEBABF22E31A65007EC4E1 /* HttpRequest.swift in Sources */,
				73D4E2DC22E94BB00088FF37 /* FWPopupViewUtil.swift in Sources */,
				7377746E22E82A8500513350 /* DetailUserInfoNameCell.swift in Sources */,
				7377747522E833E000513350 /* DetailCommentLikeNumCell.swift in Sources */,
				733ED17722E4111B00B452D4 /* HomeVVideoController.swift in Sources */,
				73DEBAEE22E33109007EC4E1 /* BaseLoginViewController.swift in Sources */,
				733ED17A22E4153800B452D4 /* NoMoreDataView.swift in Sources */,
				73C419B822EA87C200D8D412 /* NEPlayerControlView.swift in Sources */,
				733ED19622E4721E00B452D4 /* ShowListResponseModel.swift in Sources */,
				7377747F22E8484B00513350 /* ShowImagesCollectionCell.swift in Sources */,
				7308498F22E5593700958969 /* ServiceSingleNameCell.swift in Sources */,
				7377746322E7EEC300513350 /* BaseShareBottomView.swift in Sources */,
				73DEBAEC22E32B90007EC4E1 /* SXLoginTextField.swift in Sources */,
				73DEBAA222E30CA8007EC4E1 /* ColorsDefine.swift in Sources */,
				7308498522E5440B00958969 /* ScroreItemButton.swift in Sources */,
				73D4E2DE22E97A0D0088FF37 /* MutiImagesResponse.swift in Sources */,
				73DEBB0922E359A6007EC4E1 /* UserLoginInfo.swift in Sources */,
				73DEBAF022E3376D007EC4E1 /* SXLoginBaseButton.swift in Sources */,
				73DEBAC922E3224E007EC4E1 /* BATabBarButton.swift in Sources */,
				73DEBB0722E35738007EC4E1 /* HttpClient.swift in Sources */,
				73DEBB0522E35535007EC4E1 /* LoginModel.swift in Sources */,
				73DEBAF222E33A8B007EC4E1 /* SXForgetBaseButton.swift in Sources */,
				73DEBAB922E3195E007EC4E1 /* THUD.swift in Sources */,
				73DEBAE322E32522007EC4E1 /* ServiceViewController.swift in Sources */,
				73DEBAA422E30DBA007EC4E1 /* BaseUrlDefine.swift in Sources */,
				73D4E2D622E92C4A0088FF37 /* YPImagePickerUtil.swift in Sources */,
				7308498722E5467A00958969 /* MineUsualCollCell.swift in Sources */,
			);
			runOnlyForDeploymentPostprocessing = 0;
		};
/* End PBXSourcesBuildPhase section */

/* Begin PBXVariantGroup section */
		7380EA4E22E301FB00628C48 /* Main.storyboard */ = {
			isa = PBXVariantGroup;
			children = (
				7380EA4F22E301FB00628C48 /* Base */,
			);
			name = Main.storyboard;
			sourceTree = "<group>";
		};
		7380EA5322E301FB00628C48 /* LaunchScreen.storyboard */ = {
			isa = PBXVariantGroup;
			children = (
				7380EA5422E301FB00628C48 /* Base */,
			);
			name = LaunchScreen.storyboard;
			sourceTree = "<group>";
		};
/* End PBXVariantGroup section */

/* Begin XCBuildConfiguration section */
		7380EA5722E301FB00628C48 /* Debug */ = {
			isa = XCBuildConfiguration;
			buildSettings = {
				ALWAYS_SEARCH_USER_PATHS = NO;
				CLANG_ANALYZER_NONNULL = YES;
				CLANG_ANALYZER_NUMBER_OBJECT_CONVERSION = YES_AGGRESSIVE;
				CLANG_CXX_LANGUAGE_STANDARD = "gnu++14";
				CLANG_CXX_LIBRARY = "libc++";
				CLANG_ENABLE_MODULES = YES;
				CLANG_ENABLE_OBJC_ARC = YES;
				CLANG_ENABLE_OBJC_WEAK = YES;
				CLANG_WARN_BLOCK_CAPTURE_AUTORELEASING = YES;
				CLANG_WARN_BOOL_CONVERSION = YES;
				CLANG_WARN_COMMA = YES;
				CLANG_WARN_CONSTANT_CONVERSION = YES;
				CLANG_WARN_DEPRECATED_OBJC_IMPLEMENTATIONS = YES;
				CLANG_WARN_DIRECT_OBJC_ISA_USAGE = YES_ERROR;
				CLANG_WARN_DOCUMENTATION_COMMENTS = YES;
				CLANG_WARN_EMPTY_BODY = YES;
				CLANG_WARN_ENUM_CONVERSION = YES;
				CLANG_WARN_INFINITE_RECURSION = YES;
				CLANG_WARN_INT_CONVERSION = YES;
				CLANG_WARN_NON_LITERAL_NULL_CONVERSION = YES;
				CLANG_WARN_OBJC_IMPLICIT_RETAIN_SELF = YES;
				CLANG_WARN_OBJC_LITERAL_CONVERSION = YES;
				CLANG_WARN_OBJC_ROOT_CLASS = YES_ERROR;
				CLANG_WARN_RANGE_LOOP_ANALYSIS = YES;
				CLANG_WARN_STRICT_PROTOTYPES = YES;
				CLANG_WARN_SUSPICIOUS_MOVE = YES;
				CLANG_WARN_UNGUARDED_AVAILABILITY = YES_AGGRESSIVE;
				CLANG_WARN_UNREACHABLE_CODE = YES;
				CLANG_WARN__DUPLICATE_METHOD_MATCH = YES;
				CODE_SIGN_IDENTITY = "iPhone Developer";
				COPY_PHASE_STRIP = NO;
				DEBUG_INFORMATION_FORMAT = dwarf;
				ENABLE_STRICT_OBJC_MSGSEND = YES;
				ENABLE_TESTABILITY = YES;
				GCC_C_LANGUAGE_STANDARD = gnu11;
				GCC_DYNAMIC_NO_PIC = NO;
				GCC_NO_COMMON_BLOCKS = YES;
				GCC_OPTIMIZATION_LEVEL = 0;
				GCC_PREPROCESSOR_DEFINITIONS = (
					"DEBUG=1",
					"$(inherited)",
				);
				GCC_WARN_64_TO_32_BIT_CONVERSION = YES;
				GCC_WARN_ABOUT_RETURN_TYPE = YES_ERROR;
				GCC_WARN_UNDECLARED_SELECTOR = YES;
				GCC_WARN_UNINITIALIZED_AUTOS = YES_AGGRESSIVE;
				GCC_WARN_UNUSED_FUNCTION = YES;
				GCC_WARN_UNUSED_VARIABLE = YES;
				IPHONEOS_DEPLOYMENT_TARGET = 12.2;
				MTL_ENABLE_DEBUG_INFO = INCLUDE_SOURCE;
				MTL_FAST_MATH = YES;
				ONLY_ACTIVE_ARCH = YES;
				SDKROOT = iphoneos;
				SWIFT_ACTIVE_COMPILATION_CONDITIONS = DEBUG;
				SWIFT_OPTIMIZATION_LEVEL = "-Onone";
			};
			name = Debug;
		};
		7380EA5822E301FB00628C48 /* Release */ = {
			isa = XCBuildConfiguration;
			buildSettings = {
				ALWAYS_SEARCH_USER_PATHS = NO;
				CLANG_ANALYZER_NONNULL = YES;
				CLANG_ANALYZER_NUMBER_OBJECT_CONVERSION = YES_AGGRESSIVE;
				CLANG_CXX_LANGUAGE_STANDARD = "gnu++14";
				CLANG_CXX_LIBRARY = "libc++";
				CLANG_ENABLE_MODULES = YES;
				CLANG_ENABLE_OBJC_ARC = YES;
				CLANG_ENABLE_OBJC_WEAK = YES;
				CLANG_WARN_BLOCK_CAPTURE_AUTORELEASING = YES;
				CLANG_WARN_BOOL_CONVERSION = YES;
				CLANG_WARN_COMMA = YES;
				CLANG_WARN_CONSTANT_CONVERSION = YES;
				CLANG_WARN_DEPRECATED_OBJC_IMPLEMENTATIONS = YES;
				CLANG_WARN_DIRECT_OBJC_ISA_USAGE = YES_ERROR;
				CLANG_WARN_DOCUMENTATION_COMMENTS = YES;
				CLANG_WARN_EMPTY_BODY = YES;
				CLANG_WARN_ENUM_CONVERSION = YES;
				CLANG_WARN_INFINITE_RECURSION = YES;
				CLANG_WARN_INT_CONVERSION = YES;
				CLANG_WARN_NON_LITERAL_NULL_CONVERSION = YES;
				CLANG_WARN_OBJC_IMPLICIT_RETAIN_SELF = YES;
				CLANG_WARN_OBJC_LITERAL_CONVERSION = YES;
				CLANG_WARN_OBJC_ROOT_CLASS = YES_ERROR;
				CLANG_WARN_RANGE_LOOP_ANALYSIS = YES;
				CLANG_WARN_STRICT_PROTOTYPES = YES;
				CLANG_WARN_SUSPICIOUS_MOVE = YES;
				CLANG_WARN_UNGUARDED_AVAILABILITY = YES_AGGRESSIVE;
				CLANG_WARN_UNREACHABLE_CODE = YES;
				CLANG_WARN__DUPLICATE_METHOD_MATCH = YES;
				CODE_SIGN_IDENTITY = "iPhone Developer";
				COPY_PHASE_STRIP = NO;
				DEBUG_INFORMATION_FORMAT = "dwarf-with-dsym";
				ENABLE_NS_ASSERTIONS = NO;
				ENABLE_STRICT_OBJC_MSGSEND = YES;
				GCC_C_LANGUAGE_STANDARD = gnu11;
				GCC_NO_COMMON_BLOCKS = YES;
				GCC_WARN_64_TO_32_BIT_CONVERSION = YES;
				GCC_WARN_ABOUT_RETURN_TYPE = YES_ERROR;
				GCC_WARN_UNDECLARED_SELECTOR = YES;
				GCC_WARN_UNINITIALIZED_AUTOS = YES_AGGRESSIVE;
				GCC_WARN_UNUSED_FUNCTION = YES;
				GCC_WARN_UNUSED_VARIABLE = YES;
				IPHONEOS_DEPLOYMENT_TARGET = 12.2;
				MTL_ENABLE_DEBUG_INFO = NO;
				MTL_FAST_MATH = YES;
				SDKROOT = iphoneos;
				SWIFT_COMPILATION_MODE = wholemodule;
				SWIFT_OPTIMIZATION_LEVEL = "-O";
				VALIDATE_PRODUCT = YES;
			};
			name = Release;
		};
		7380EA5A22E301FB00628C48 /* Debug */ = {
			isa = XCBuildConfiguration;
			baseConfigurationReference = A47A8DE8545AE07619BEE145 /* Pods-TKSuiXiNews.debug.xcconfig */;
			buildSettings = {
				ASSETCATALOG_COMPILER_APPICON_NAME = AppIcon;
				CLANG_ENABLE_MODULES = YES;
				CODE_SIGN_IDENTITY = "iPhone Developer";
				CODE_SIGN_STYLE = Automatic;
				DEVELOPMENT_TEAM = VKSGMUVB34;
				INFOPLIST_FILE = "$(SRCROOT)/TKSuiXiNews/Resource/Info.plist";
				IPHONEOS_DEPLOYMENT_TARGET = 9.0;
				LD_RUNPATH_SEARCH_PATHS = (
					"$(inherited)",
					"@executable_path/Frameworks",
				);
				PRODUCT_BUNDLE_IDENTIFIER = com.barryAllenApplication.TKSuiXiNews;
				PRODUCT_NAME = "$(TARGET_NAME)";
				PROVISIONING_PROFILE_SPECIFIER = "";
				SWIFT_OBJC_BRIDGING_HEADER = "TKSuiXiNews/Resource/TKSuiXiNews-Bridging-Header.h";
				SWIFT_OPTIMIZATION_LEVEL = "-Onone";
				SWIFT_VERSION = 5.0;
				TARGETED_DEVICE_FAMILY = 1;
			};
			name = Debug;
		};
		7380EA5B22E301FB00628C48 /* Release */ = {
			isa = XCBuildConfiguration;
			baseConfigurationReference = 0BF23A43A937A01D5D675F19 /* Pods-TKSuiXiNews.release.xcconfig */;
			buildSettings = {
				ASSETCATALOG_COMPILER_APPICON_NAME = AppIcon;
				CLANG_ENABLE_MODULES = YES;
				CODE_SIGN_IDENTITY = "iPhone Developer";
				CODE_SIGN_STYLE = Automatic;
				DEVELOPMENT_TEAM = VKSGMUVB34;
				INFOPLIST_FILE = "$(SRCROOT)/TKSuiXiNews/Resource/Info.plist";
				IPHONEOS_DEPLOYMENT_TARGET = 9.0;
				LD_RUNPATH_SEARCH_PATHS = (
					"$(inherited)",
					"@executable_path/Frameworks",
				);
				PRODUCT_BUNDLE_IDENTIFIER = com.barryAllenApplication.TKSuiXiNews;
				PRODUCT_NAME = "$(TARGET_NAME)";
				PROVISIONING_PROFILE_SPECIFIER = "";
				SWIFT_OBJC_BRIDGING_HEADER = "TKSuiXiNews/Resource/TKSuiXiNews-Bridging-Header.h";
				SWIFT_VERSION = 5.0;
				TARGETED_DEVICE_FAMILY = 1;
			};
			name = Release;
		};
/* End XCBuildConfiguration section */

/* Begin XCConfigurationList section */
		7380EA4222E301FB00628C48 /* Build configuration list for PBXProject "TKSuiXiNews" */ = {
			isa = XCConfigurationList;
			buildConfigurations = (
				7380EA5722E301FB00628C48 /* Debug */,
				7380EA5822E301FB00628C48 /* Release */,
			);
			defaultConfigurationIsVisible = 0;
			defaultConfigurationName = Release;
		};
		7380EA5922E301FB00628C48 /* Build configuration list for PBXNativeTarget "TKSuiXiNews" */ = {
			isa = XCConfigurationList;
			buildConfigurations = (
				7380EA5A22E301FB00628C48 /* Debug */,
				7380EA5B22E301FB00628C48 /* Release */,
			);
			defaultConfigurationIsVisible = 0;
			defaultConfigurationName = Release;
		};
/* End XCConfigurationList section */
	};
	rootObject = 7380EA3F22E301FB00628C48 /* Project object */;
}
